
Microsoft Visual Studio Solution File, Format Version 12.00
# Visual Studio Version 17
VisualStudioVersion = 17.5.002.0
MinimumVisualStudioVersion = 10.0.40219.1
Project("{9A19103F-16F7-4668-BE54-9A1E7A4F7556}") = "UPIWork", "UPIWork.csproj", "{2EEE0FB8-6B2F-4771-8A9E-C6E28A47AFC6}"
EndProject
Global
	GlobalSection(SolutionConfigurationPlatforms) = preSolution
		Debug|Any CPU = Debug|Any CPU
		Release|Any CPU = Release|Any CPU
	EndGlobalSection
	GlobalSection(ProjectConfigurationPlatforms) = postSolution
		{2EEE0FB8-6B2F-4771-8A9E-C6E28A47AFC6}.Debug|Any CPU.ActiveCfg = Debug|Any CPU
		{2EEE0FB8-6B2F-4771-8A9E-C6E28A47AFC6}.Debug|Any CPU.Build.0 = Debug|Any CPU
		{2EEE0FB8-6B2F-4771-8A9E-C6E28A47AFC6}.Release|Any CPU.ActiveCfg = Release|Any CPU
		{2EEE0FB8-6B2F-4771-8A9E-C6E28A47AFC6}.Release|Any CPU.Build.0 = Release|Any CPU
	EndGlobalSection
	GlobalSection(SolutionProperties) = preSolution
		HideSolutionNode = FALSE
	EndGlobalSection
	GlobalSection(ExtensibilityGlobals) = postSolution
		SolutionGuid = {0705076A-5EAA-4F9E-8F34-63B4D81BA9B4}
	EndGlobalSection
EndGlobal
